// !$*UTF8*$!
{
	archiveVersion = 1;
	classes = {
	};
	objectVersion = 50;
	objects = {

/* Begin PBXBuildFile section */
		91C5EE28243CA2CC00516C35 /* AppDelegate.swift in Sources */ = {isa = PBXBuildFile; fileRef = 91C5EE27243CA2CC00516C35 /* AppDelegate.swift */; };
		91C5EE31243CA2CD00516C35 /* Assets.xcassets in Resources */ = {isa = PBXBuildFile; fileRef = 91C5EE30243CA2CD00516C35 /* Assets.xcassets */; };
		91C5EE3E243CA36E00516C35 /* RootViewController.swift in Sources */ = {isa = PBXBuildFile; fileRef = 91C5EE3D243CA36E00516C35 /* RootViewController.swift */; };
		91C5EE48243CA58900516C35 /* SplashViewController.swift in Sources */ = {isa = PBXBuildFile; fileRef = 91C5EE47243CA58900516C35 /* SplashViewController.swift */; };
		91C5EE4E243CA61A00516C35 /* CigaretteCounterModel.swift in Sources */ = {isa = PBXBuildFile; fileRef = 91C5EE4D243CA61A00516C35 /* CigaretteCounterModel.swift */; };
		91C5EE50243CA64900516C35 /* AllSchedulesModel.swift in Sources */ = {isa = PBXBuildFile; fileRef = 91C5EE4F243CA64900516C35 /* AllSchedulesModel.swift */; };
		91C5EE52243CA66900516C35 /* MainTableViewController.swift in Sources */ = {isa = PBXBuildFile; fileRef = 91C5EE51243CA66900516C35 /* MainTableViewController.swift */; };
		91C5EE5D243CA75E00516C35 /* PackModel.swift in Sources */ = {isa = PBXBuildFile; fileRef = 91C5EE5C243CA75E00516C35 /* PackModel.swift */; };
		91C5EE5F243CA77B00516C35 /* CigaretteScheduleModel.swift in Sources */ = {isa = PBXBuildFile; fileRef = 91C5EE5E243CA77B00516C35 /* CigaretteScheduleModel.swift */; };
		91C5EE61243CA79B00516C35 /* Scenario.swift in Sources */ = {isa = PBXBuildFile; fileRef = 91C5EE60243CA79B00516C35 /* Scenario.swift */; };
		91C5EE63243CA7D500516C35 /* NewScheduleTableViewController.swift in Sources */ = {isa = PBXBuildFile; fileRef = 91C5EE62243CA7D500516C35 /* NewScheduleTableViewController.swift */; };
		91C5EE65243CA83100516C35 /* TabBarController.swift in Sources */ = {isa = PBXBuildFile; fileRef = 91C5EE64243CA83100516C35 /* TabBarController.swift */; };
		91C5EE69243CA87800516C35 /* DetailTableViewController.swift in Sources */ = {isa = PBXBuildFile; fileRef = 91C5EE68243CA87800516C35 /* DetailTableViewController.swift */; };
		91C5EE6D243CA8DD00516C35 /* DiagramTableViewController.swift in Sources */ = {isa = PBXBuildFile; fileRef = 91C5EE6C243CA8DD00516C35 /* DiagramTableViewController.swift */; };
		91C5EE71243CA92800516C35 /* VisualizationTableViewController.swift in Sources */ = {isa = PBXBuildFile; fileRef = 91C5EE70243CA92800516C35 /* VisualizationTableViewController.swift */; };
		91C5EE75243CA9B500516C35 /* HaveTabBarItem.swift in Sources */ = {isa = PBXBuildFile; fileRef = 91C5EE74243CA9B500516C35 /* HaveTabBarItem.swift */; };
		91C5EE78243CA9DE00516C35 /* DateManager.swift in Sources */ = {isa = PBXBuildFile; fileRef = 91C5EE77243CA9DE00516C35 /* DateManager.swift */; };
		91C5EE7A243CA9FA00516C35 /* AlertManager.swift in Sources */ = {isa = PBXBuildFile; fileRef = 91C5EE79243CA9FA00516C35 /* AlertManager.swift */; };
		91C5EE7C243CAA1E00516C35 /* ErrorManager.swift in Sources */ = {isa = PBXBuildFile; fileRef = 91C5EE7B243CAA1E00516C35 /* ErrorManager.swift */; };
		91C5EE82243CAB6C00516C35 /* CigaretteAccountingCell.swift in Sources */ = {isa = PBXBuildFile; fileRef = 91C5EE80243CAB6C00516C35 /* CigaretteAccountingCell.swift */; };
		91C5EE83243CAB6C00516C35 /* CigaretteAccountingCell.xib in Resources */ = {isa = PBXBuildFile; fileRef = 91C5EE81243CAB6C00516C35 /* CigaretteAccountingCell.xib */; };
		91C5EE85243CABBD00516C35 /* NewSchedule.storyboard in Resources */ = {isa = PBXBuildFile; fileRef = 91C5EE84243CABBD00516C35 /* NewSchedule.storyboard */; };
		D9ECCC80B04CF0C1B7756FAC /* Pods_CigPillsPlanner.framework in Frameworks */ = {isa = PBXBuildFile; fileRef = A0CD7AA7E8C1991896F115BC /* Pods_CigPillsPlanner.framework */; };
/* End PBXBuildFile section */

/* Begin PBXFileReference section */
		7EC5D5B9AE74923AE7BD0F68 /* Pods-CigPillsPlanner.release.xcconfig */ = {isa = PBXFileReference; includeInIndex = 1; lastKnownFileType = text.xcconfig; name = "Pods-CigPillsPlanner.release.xcconfig"; path = "Target Support Files/Pods-CigPillsPlanner/Pods-CigPillsPlanner.release.xcconfig"; sourceTree = "<group>"; };
		91C5EE24243CA2CC00516C35 /* CigPillsPlanner.app */ = {isa = PBXFileReference; explicitFileType = wrapper.application; includeInIndex = 0; path = CigPillsPlanner.app; sourceTree = BUILT_PRODUCTS_DIR; };
		91C5EE27243CA2CC00516C35 /* AppDelegate.swift */ = {isa = PBXFileReference; lastKnownFileType = sourcecode.swift; path = AppDelegate.swift; sourceTree = "<group>"; };
		91C5EE30243CA2CD00516C35 /* Assets.xcassets */ = {isa = PBXFileReference; lastKnownFileType = folder.assetcatalog; path = Assets.xcassets; sourceTree = "<group>"; };
		91C5EE35243CA2CD00516C35 /* Info.plist */ = {isa = PBXFileReference; lastKnownFileType = text.plist.xml; path = Info.plist; sourceTree = "<group>"; };
		91C5EE3D243CA36E00516C35 /* RootViewController.swift */ = {isa = PBXFileReference; lastKnownFileType = sourcecode.swift; path = RootViewController.swift; sourceTree = "<group>"; };
		91C5EE47243CA58900516C35 /* SplashViewController.swift */ = {isa = PBXFileReference; lastKnownFileType = sourcecode.swift; path = SplashViewController.swift; sourceTree = "<group>"; };
		91C5EE4D243CA61A00516C35 /* CigaretteCounterModel.swift */ = {isa = PBXFileReference; lastKnownFileType = sourcecode.swift; path = CigaretteCounterModel.swift; sourceTree = "<group>"; };
		91C5EE4F243CA64900516C35 /* AllSchedulesModel.swift */ = {isa = PBXFileReference; lastKnownFileType = sourcecode.swift; path = AllSchedulesModel.swift; sourceTree = "<group>"; };
		91C5EE51243CA66900516C35 /* MainTableViewController.swift */ = {isa = PBXFileReference; lastKnownFileType = sourcecode.swift; path = MainTableViewController.swift; sourceTree = "<group>"; };
		91C5EE5C243CA75E00516C35 /* PackModel.swift */ = {isa = PBXFileReference; lastKnownFileType = sourcecode.swift; path = PackModel.swift; sourceTree = "<group>"; };
		91C5EE5E243CA77B00516C35 /* CigaretteScheduleModel.swift */ = {isa = PBXFileReference; lastKnownFileType = sourcecode.swift; path = CigaretteScheduleModel.swift; sourceTree = "<group>"; };
		91C5EE60243CA79B00516C35 /* Scenario.swift */ = {isa = PBXFileReference; lastKnownFileType = sourcecode.swift; path = Scenario.swift; sourceTree = "<group>"; };
		91C5EE62243CA7D500516C35 /* NewScheduleTableViewController.swift */ = {isa = PBXFileReference; lastKnownFileType = sourcecode.swift; path = NewScheduleTableViewController.swift; sourceTree = "<group>"; };
		91C5EE64243CA83100516C35 /* TabBarController.swift */ = {isa = PBXFileReference; lastKnownFileType = sourcecode.swift; path = TabBarController.swift; sourceTree = "<group>"; };
		91C5EE68243CA87800516C35 /* DetailTableViewController.swift */ = {isa = PBXFileReference; lastKnownFileType = sourcecode.swift; path = DetailTableViewController.swift; sourceTree = "<group>"; };
		91C5EE6C243CA8DD00516C35 /* DiagramTableViewController.swift */ = {isa = PBXFileReference; lastKnownFileType = sourcecode.swift; path = DiagramTableViewController.swift; sourceTree = "<group>"; };
		91C5EE70243CA92800516C35 /* VisualizationTableViewController.swift */ = {isa = PBXFileReference; lastKnownFileType = sourcecode.swift; path = VisualizationTableViewController.swift; sourceTree = "<group>"; };
		91C5EE74243CA9B500516C35 /* HaveTabBarItem.swift */ = {isa = PBXFileReference; lastKnownFileType = sourcecode.swift; path = HaveTabBarItem.swift; sourceTree = "<group>"; };
		91C5EE77243CA9DE00516C35 /* DateManager.swift */ = {isa = PBXFileReference; lastKnownFileType = sourcecode.swift; path = DateManager.swift; sourceTree = "<group>"; };
		91C5EE79243CA9FA00516C35 /* AlertManager.swift */ = {isa = PBXFileReference; lastKnownFileType = sourcecode.swift; path = AlertManager.swift; sourceTree = "<group>"; };
		91C5EE7B243CAA1E00516C35 /* ErrorManager.swift */ = {isa = PBXFileReference; lastKnownFileType = sourcecode.swift; path = ErrorManager.swift; sourceTree = "<group>"; };
		91C5EE80243CAB6C00516C35 /* CigaretteAccountingCell.swift */ = {isa = PBXFileReference; lastKnownFileType = sourcecode.swift; path = CigaretteAccountingCell.swift; sourceTree = "<group>"; };
		91C5EE81243CAB6C00516C35 /* CigaretteAccountingCell.xib */ = {isa = PBXFileReference; lastKnownFileType = file.xib; path = CigaretteAccountingCell.xib; sourceTree = "<group>"; };
		91C5EE84243CABBD00516C35 /* NewSchedule.storyboard */ = {isa = PBXFileReference; lastKnownFileType = file.storyboard; path = NewSchedule.storyboard; sourceTree = "<group>"; };
		A0CD7AA7E8C1991896F115BC /* Pods_CigPillsPlanner.framework */ = {isa = PBXFileReference; explicitFileType = wrapper.framework; includeInIndex = 0; path = Pods_CigPillsPlanner.framework; sourceTree = BUILT_PRODUCTS_DIR; };
		CAAA39CFA5BD523CE3A8C631 /* Pods-CigPillsPlanner.debug.xcconfig */ = {isa = PBXFileReference; includeInIndex = 1; lastKnownFileType = text.xcconfig; name = "Pods-CigPillsPlanner.debug.xcconfig"; path = "Target Support Files/Pods-CigPillsPlanner/Pods-CigPillsPlanner.debug.xcconfig"; sourceTree = "<group>"; };
/* End PBXFileReference section */

/* Begin PBXFrameworksBuildPhase section */
		91C5EE21243CA2CC00516C35 /* Frameworks */ = {
			isa = PBXFrameworksBuildPhase;
			buildActionMask = 2147483647;
			files = (
				D9ECCC80B04CF0C1B7756FAC /* Pods_CigPillsPlanner.framework in Frameworks */,
			);
			runOnlyForDeploymentPostprocessing = 0;
		};
/* End PBXFrameworksBuildPhase section */

/* Begin PBXGroup section */
		4D0FA9206D195D2F74A98F95 /* Frameworks */ = {
			isa = PBXGroup;
			children = (
				A0CD7AA7E8C1991896F115BC /* Pods_CigPillsPlanner.framework */,
			);
			name = Frameworks;
			sourceTree = "<group>";
		};
		91C5EE1B243CA2CB00516C35 = {
			isa = PBXGroup;
			children = (
				91C5EE26243CA2CC00516C35 /* CigPillsPlanner */,
				91C5EE25243CA2CC00516C35 /* Products */,
				DB85E2961235EC41ECCD295C /* Pods */,
				4D0FA9206D195D2F74A98F95 /* Frameworks */,
			);
			sourceTree = "<group>";
		};
		91C5EE25243CA2CC00516C35 /* Products */ = {
			isa = PBXGroup;
			children = (
				91C5EE24243CA2CC00516C35 /* CigPillsPlanner.app */,
			);
			name = Products;
			sourceTree = "<group>";
		};
		91C5EE26243CA2CC00516C35 /* CigPillsPlanner */ = {
			isa = PBXGroup;
			children = (
				91C5EE3B243CA30400516C35 /* Root */,
				91C5EE45243CA51A00516C35 /* Splash */,
				91C5EE49243CA5D200516C35 /* Main */,
				91C5EE57243CA70700516C35 /* NewSchedule */,
				91C5EE3F243CA39600516C35 /* Application */,
				91C5EE42243CA40800516C35 /* SupportingFiles */,
				91C5EE66243CA83500516C35 /* TabBar */,
				91C5EE6A243CA87F00516C35 /* Detail */,
				91C5EE6E243CA8E400516C35 /* Diagram */,
				91C5EE72243CA92E00516C35 /* Visualization */,
				91C5EE76243CA9C700516C35 /* Protocols */,
				91C5EE7D243CAAA600516C35 /* Managers */,
			);
			path = CigPillsPlanner;
			sourceTree = "<group>";
		};
		91C5EE3B243CA30400516C35 /* Root */ = {
			isa = PBXGroup;
			children = (
				91C5EE3C243CA32500516C35 /* ViewController */,
			);
			path = Root;
			sourceTree = "<group>";
		};
		91C5EE3C243CA32500516C35 /* ViewController */ = {
			isa = PBXGroup;
			children = (
				91C5EE3D243CA36E00516C35 /* RootViewController.swift */,
			);
			path = ViewController;
			sourceTree = "<group>";
		};
		91C5EE3F243CA39600516C35 /* Application */ = {
			isa = PBXGroup;
			children = (
				91C5EE41243CA3DD00516C35 /* Controller */,
			);
			path = Application;
			sourceTree = "<group>";
		};
		91C5EE41243CA3DD00516C35 /* Controller */ = {
			isa = PBXGroup;
			children = (
				91C5EE27243CA2CC00516C35 /* AppDelegate.swift */,
			);
			path = Controller;
			sourceTree = "<group>";
		};
		91C5EE42243CA40800516C35 /* SupportingFiles */ = {
			isa = PBXGroup;
			children = (
				91C5EE30243CA2CD00516C35 /* Assets.xcassets */,
				91C5EE35243CA2CD00516C35 /* Info.plist */,
			);
			path = SupportingFiles;
			sourceTree = "<group>";
		};
		91C5EE45243CA51A00516C35 /* Splash */ = {
			isa = PBXGroup;
			children = (
				91C5EE46243CA52500516C35 /* Controller */,
			);
			path = Splash;
			sourceTree = "<group>";
		};
		91C5EE46243CA52500516C35 /* Controller */ = {
			isa = PBXGroup;
			children = (
				91C5EE47243CA58900516C35 /* SplashViewController.swift */,
			);
			path = Controller;
			sourceTree = "<group>";
		};
		91C5EE49243CA5D200516C35 /* Main */ = {
			isa = PBXGroup;
			children = (
				91C5EE4C243CA5ED00516C35 /* Model */,
				91C5EE4B243CA5E800516C35 /* View */,
				91C5EE4A243CA5D900516C35 /* Controller */,
			);
			path = Main;
			sourceTree = "<group>";
		};
		91C5EE4A243CA5D900516C35 /* Controller */ = {
			isa = PBXGroup;
			children = (
				91C5EE51243CA66900516C35 /* MainTableViewController.swift */,
			);
			path = Controller;
			sourceTree = "<group>";
		};
		91C5EE4B243CA5E800516C35 /* View */ = {
			isa = PBXGroup;
			children = (
				91C5EE53243CA68600516C35 /* Cells */,
			);
			path = View;
			sourceTree = "<group>";
		};
		91C5EE4C243CA5ED00516C35 /* Model */ = {
			isa = PBXGroup;
			children = (
				91C5EE4D243CA61A00516C35 /* CigaretteCounterModel.swift */,
				91C5EE4F243CA64900516C35 /* AllSchedulesModel.swift */,
			);
			path = Model;
			sourceTree = "<group>";
		};
		91C5EE53243CA68600516C35 /* Cells */ = {
			isa = PBXGroup;
			children = (
				91C5EE54243CA69E00516C35 /* CigaretteAcountingCell */,
			);
			path = Cells;
			sourceTree = "<group>";
		};
		91C5EE54243CA69E00516C35 /* CigaretteAcountingCell */ = {
			isa = PBXGroup;
			children = (
				91C5EE80243CAB6C00516C35 /* CigaretteAccountingCell.swift */,
				91C5EE81243CAB6C00516C35 /* CigaretteAccountingCell.xib */,
			);
			path = CigaretteAcountingCell;
			sourceTree = "<group>";
		};
		91C5EE57243CA70700516C35 /* NewSchedule */ = {
			isa = PBXGroup;
			children = (
				91C5EE5A243CA74100516C35 /* Model */,
				91C5EE59243CA73A00516C35 /* View */,
				91C5EE58243CA72F00516C35 /* Controller */,
			);
			path = NewSchedule;
			sourceTree = "<group>";
		};
		91C5EE58243CA72F00516C35 /* Controller */ = {
			isa = PBXGroup;
			children = (
				91C5EE62243CA7D500516C35 /* NewScheduleTableViewController.swift */,
			);
			path = Controller;
			sourceTree = "<group>";
		};
		91C5EE59243CA73A00516C35 /* View */ = {
			isa = PBXGroup;
			children = (
				91C5EE84243CABBD00516C35 /* NewSchedule.storyboard */,
			);
			path = View;
			sourceTree = "<group>";
		};
		91C5EE5A243CA74100516C35 /* Model */ = {
			isa = PBXGroup;
			children = (
				91C5EE5C243CA75E00516C35 /* PackModel.swift */,
				91C5EE5E243CA77B00516C35 /* CigaretteScheduleModel.swift */,
				91C5EE60243CA79B00516C35 /* Scenario.swift */,
			);
			path = Model;
			sourceTree = "<group>";
		};
		91C5EE66243CA83500516C35 /* TabBar */ = {
			isa = PBXGroup;
			children = (
				91C5EE67243CA83D00516C35 /* Controller */,
			);
			path = TabBar;
			sourceTree = "<group>";
		};
		91C5EE67243CA83D00516C35 /* Controller */ = {
			isa = PBXGroup;
			children = (
				91C5EE64243CA83100516C35 /* TabBarController.swift */,
			);
			path = Controller;
			sourceTree = "<group>";
		};
		91C5EE6A243CA87F00516C35 /* Detail */ = {
			isa = PBXGroup;
			children = (
				91C5EE6B243CA88700516C35 /* Controller */,
			);
			path = Detail;
			sourceTree = "<group>";
		};
		91C5EE6B243CA88700516C35 /* Controller */ = {
			isa = PBXGroup;
			children = (
				91C5EE68243CA87800516C35 /* DetailTableViewController.swift */,
			);
			path = Controller;
			sourceTree = "<group>";
		};
		91C5EE6E243CA8E400516C35 /* Diagram */ = {
			isa = PBXGroup;
			children = (
				91C5EE6F243CA8EB00516C35 /* Controller */,
			);
			path = Diagram;
			sourceTree = "<group>";
		};
		91C5EE6F243CA8EB00516C35 /* Controller */ = {
			isa = PBXGroup;
			children = (
				91C5EE6C243CA8DD00516C35 /* DiagramTableViewController.swift */,
			);
			path = Controller;
			sourceTree = "<group>";
		};
		91C5EE72243CA92E00516C35 /* Visualization */ = {
			isa = PBXGroup;
			children = (
				91C5EE73243CA93700516C35 /* Controller */,
			);
			path = Visualization;
			sourceTree = "<group>";
		};
		91C5EE73243CA93700516C35 /* Controller */ = {
			isa = PBXGroup;
			children = (
				91C5EE70243CA92800516C35 /* VisualizationTableViewController.swift */,
			);
			path = Controller;
			sourceTree = "<group>";
		};
		91C5EE76243CA9C700516C35 /* Protocols */ = {
			isa = PBXGroup;
			children = (
				91C5EE74243CA9B500516C35 /* HaveTabBarItem.swift */,
			);
			path = Protocols;
			sourceTree = "<group>";
		};
		91C5EE7D243CAAA600516C35 /* Managers */ = {
			isa = PBXGroup;
			children = (
				91C5EE77243CA9DE00516C35 /* DateManager.swift */,
				91C5EE79243CA9FA00516C35 /* AlertManager.swift */,
				91C5EE7B243CAA1E00516C35 /* ErrorManager.swift */,
			);
			path = Managers;
			sourceTree = "<group>";
		};
		DB85E2961235EC41ECCD295C /* Pods */ = {
			isa = PBXGroup;
			children = (
				CAAA39CFA5BD523CE3A8C631 /* Pods-CigPillsPlanner.debug.xcconfig */,
				7EC5D5B9AE74923AE7BD0F68 /* Pods-CigPillsPlanner.release.xcconfig */,
			);
			path = Pods;
			sourceTree = "<group>";
		};
/* End PBXGroup section */

/* Begin PBXNativeTarget section */
		91C5EE23243CA2CC00516C35 /* CigPillsPlanner */ = {
			isa = PBXNativeTarget;
			buildConfigurationList = 91C5EE38243CA2CD00516C35 /* Build configuration list for PBXNativeTarget "CigPillsPlanner" */;
			buildPhases = (
				B91B07F4A0BC2410002340D4 /* [CP] Check Pods Manifest.lock */,
				91C5EE20243CA2CC00516C35 /* Sources */,
				91C5EE21243CA2CC00516C35 /* Frameworks */,
				91C5EE22243CA2CC00516C35 /* Resources */,
				3626794169A63DFDDA25CEB4 /* [CP] Embed Pods Frameworks */,
			);
			buildRules = (
			);
			dependencies = (
			);
			name = CigPillsPlanner;
			productName = "Cig'n'Pills Planner";
			productReference = 91C5EE24243CA2CC00516C35 /* CigPillsPlanner.app */;
			productType = "com.apple.product-type.application";
		};
/* End PBXNativeTarget section */

/* Begin PBXProject section */
		91C5EE1C243CA2CB00516C35 /* Project object */ = {
			isa = PBXProject;
			attributes = {
				LastSwiftUpdateCheck = 1140;
				LastUpgradeCheck = 1140;
				ORGANIZATIONNAME = "Artsiom Habruseu";
				TargetAttributes = {
					91C5EE23243CA2CC00516C35 = {
						CreatedOnToolsVersion = 11.4;
					};
				};
			};
			buildConfigurationList = 91C5EE1F243CA2CC00516C35 /* Build configuration list for PBXProject "CigPillsPlanner" */;
			compatibilityVersion = "Xcode 9.3";
			developmentRegion = en;
			hasScannedForEncodings = 0;
			knownRegions = (
				en,
				Base,
			);
			mainGroup = 91C5EE1B243CA2CB00516C35;
			productRefGroup = 91C5EE25243CA2CC00516C35 /* Products */;
			projectDirPath = "";
			projectRoot = "";
			targets = (
				91C5EE23243CA2CC00516C35 /* CigPillsPlanner */,
			);
		};
/* End PBXProject section */

/* Begin PBXResourcesBuildPhase section */
		91C5EE22243CA2CC00516C35 /* Resources */ = {
			isa = PBXResourcesBuildPhase;
			buildActionMask = 2147483647;
			files = (
				91C5EE85243CABBD00516C35 /* NewSchedule.storyboard in Resources */,
				91C5EE31243CA2CD00516C35 /* Assets.xcassets in Resources */,
				91C5EE83243CAB6C00516C35 /* CigaretteAccountingCell.xib in Resources */,
			);
			runOnlyForDeploymentPostprocessing = 0;
		};
/* End PBXResourcesBuildPhase section */

/* Begin PBXShellScriptBuildPhase section */
		3626794169A63DFDDA25CEB4 /* [CP] Embed Pods Frameworks */ = {
			isa = PBXShellScriptBuildPhase;
			buildActionMask = 2147483647;
			files = (
			);
			inputFileListPaths = (
				"${PODS_ROOT}/Target Support Files/Pods-CigPillsPlanner/Pods-CigPillsPlanner-frameworks-${CONFIGURATION}-input-files.xcfilelist",
			);
			name = "[CP] Embed Pods Frameworks";
			outputFileListPaths = (
				"${PODS_ROOT}/Target Support Files/Pods-CigPillsPlanner/Pods-CigPillsPlanner-frameworks-${CONFIGURATION}-output-files.xcfilelist",
			);
			runOnlyForDeploymentPostprocessing = 0;
			shellPath = /bin/sh;
			shellScript = "\"${PODS_ROOT}/Target Support Files/Pods-CigPillsPlanner/Pods-CigPillsPlanner-frameworks.sh\"\n";
			showEnvVarsInLog = 0;
		};
		B91B07F4A0BC2410002340D4 /* [CP] Check Pods Manifest.lock */ = {
			isa = PBXShellScriptBuildPhase;
			buildActionMask = 2147483647;
			files = (
			);
			inputFileListPaths = (
			);
			inputPaths = (
				"${PODS_PODFILE_DIR_PATH}/Podfile.lock",
				"${PODS_ROOT}/Manifest.lock",
			);
			name = "[CP] Check Pods Manifest.lock";
			outputFileListPaths = (
			);
			outputPaths = (
				"$(DERIVED_FILE_DIR)/Pods-CigPillsPlanner-checkManifestLockResult.txt",
			);
			runOnlyForDeploymentPostprocessing = 0;
			shellPath = /bin/sh;
			shellScript = "diff \"${PODS_PODFILE_DIR_PATH}/Podfile.lock\" \"${PODS_ROOT}/Manifest.lock\" > /dev/null\nif [ $? != 0 ] ; then\n    # print error to STDERR\n    echo \"error: The sandbox is not in sync with the Podfile.lock. Run 'pod install' or update your CocoaPods installation.\" >&2\n    exit 1\nfi\n# This output is used by Xcode 'outputs' to avoid re-running this script phase.\necho \"SUCCESS\" > \"${SCRIPT_OUTPUT_FILE_0}\"\n";
			showEnvVarsInLog = 0;
		};
/* End PBXShellScriptBuildPhase section */

/* Begin PBXSourcesBuildPhase section */
		91C5EE20243CA2CC00516C35 /* Sources */ = {
			isa = PBXSourcesBuildPhase;
			buildActionMask = 2147483647;
			files = (
				91C5EE48243CA58900516C35 /* SplashViewController.swift in Sources */,
				91C5EE3E243CA36E00516C35 /* RootViewController.swift in Sources */,
				91C5EE5D243CA75E00516C35 /* PackModel.swift in Sources */,
				91C5EE61243CA79B00516C35 /* Scenario.swift in Sources */,
				91C5EE28243CA2CC00516C35 /* AppDelegate.swift in Sources */,
				91C5EE63243CA7D500516C35 /* NewScheduleTableViewController.swift in Sources */,
				91C5EE4E243CA61A00516C35 /* CigaretteCounterModel.swift in Sources */,
				91C5EE71243CA92800516C35 /* VisualizationTableViewController.swift in Sources */,
				91C5EE7A243CA9FA00516C35 /* AlertManager.swift in Sources */,
				91C5EE78243CA9DE00516C35 /* DateManager.swift in Sources */,
				91C5EE5F243CA77B00516C35 /* CigaretteScheduleModel.swift in Sources */,
				91C5EE7C243CAA1E00516C35 /* ErrorManager.swift in Sources */,
				91C5EE69243CA87800516C35 /* DetailTableViewController.swift in Sources */,
				91C5EE6D243CA8DD00516C35 /* DiagramTableViewController.swift in Sources */,
				91C5EE82243CAB6C00516C35 /* CigaretteAccountingCell.swift in Sources */,
				91C5EE65243CA83100516C35 /* TabBarController.swift in Sources */,
				91C5EE52243CA66900516C35 /* MainTableViewController.swift in Sources */,
				91C5EE75243CA9B500516C35 /* HaveTabBarItem.swift in Sources */,
				91C5EE50243CA64900516C35 /* AllSchedulesModel.swift in Sources */,
			);
			runOnlyForDeploymentPostprocessing = 0;
		};
/* End PBXSourcesBuildPhase section */

/* Begin XCBuildConfiguration section */
		91C5EE36243CA2CD00516C35 /* Debug */ = {
			isa = XCBuildConfiguration;
			buildSettings = {
				ALWAYS_SEARCH_USER_PATHS = NO;
				CLANG_ANALYZER_NONNULL = YES;
				CLANG_ANALYZER_NUMBER_OBJECT_CONVERSION = YES_AGGRESSIVE;
				CLANG_CXX_LANGUAGE_STANDARD = "gnu++14";
				CLANG_CXX_LIBRARY = "libc++";
				CLANG_ENABLE_MODULES = YES;
				CLANG_ENABLE_OBJC_ARC = YES;
				CLANG_ENABLE_OBJC_WEAK = YES;
				CLANG_WARN_BLOCK_CAPTURE_AUTORELEASING = YES;
				CLANG_WARN_BOOL_CONVERSION = YES;
				CLANG_WARN_COMMA = YES;
				CLANG_WARN_CONSTANT_CONVERSION = YES;
				CLANG_WARN_DEPRECATED_OBJC_IMPLEMENTATIONS = YES;
				CLANG_WARN_DIRECT_OBJC_ISA_USAGE = YES_ERROR;
				CLANG_WARN_DOCUMENTATION_COMMENTS = YES;
				CLANG_WARN_EMPTY_BODY = YES;
				CLANG_WARN_ENUM_CONVERSION = YES;
				CLANG_WARN_INFINITE_RECURSION = YES;
				CLANG_WARN_INT_CONVERSION = YES;
				CLANG_WARN_NON_LITERAL_NULL_CONVERSION = YES;
				CLANG_WARN_OBJC_IMPLICIT_RETAIN_SELF = YES;
				CLANG_WARN_OBJC_LITERAL_CONVERSION = YES;
				CLANG_WARN_OBJC_ROOT_CLASS = YES_ERROR;
				CLANG_WARN_RANGE_LOOP_ANALYSIS = YES;
				CLANG_WARN_STRICT_PROTOTYPES = YES;
				CLANG_WARN_SUSPICIOUS_MOVE = YES;
				CLANG_WARN_UNGUARDED_AVAILABILITY = YES_AGGRESSIVE;
				CLANG_WARN_UNREACHABLE_CODE = YES;
				CLANG_WARN__DUPLICATE_METHOD_MATCH = YES;
				COPY_PHASE_STRIP = NO;
				DEBUG_INFORMATION_FORMAT = dwarf;
				ENABLE_STRICT_OBJC_MSGSEND = YES;
				ENABLE_TESTABILITY = YES;
				GCC_C_LANGUAGE_STANDARD = gnu11;
				GCC_DYNAMIC_NO_PIC = NO;
				GCC_NO_COMMON_BLOCKS = YES;
				GCC_OPTIMIZATION_LEVEL = 0;
				GCC_PREPROCESSOR_DEFINITIONS = (
					"DEBUG=1",
					"$(inherited)",
				);
				GCC_WARN_64_TO_32_BIT_CONVERSION = YES;
				GCC_WARN_ABOUT_RETURN_TYPE = YES_ERROR;
				GCC_WARN_UNDECLARED_SELECTOR = YES;
				GCC_WARN_UNINITIALIZED_AUTOS = YES_AGGRESSIVE;
				GCC_WARN_UNUSED_FUNCTION = YES;
				GCC_WARN_UNUSED_VARIABLE = YES;
				IPHONEOS_DEPLOYMENT_TARGET = 13.4;
				MTL_ENABLE_DEBUG_INFO = INCLUDE_SOURCE;
				MTL_FAST_MATH = YES;
				ONLY_ACTIVE_ARCH = YES;
				SDKROOT = iphoneos;
				SWIFT_ACTIVE_COMPILATION_CONDITIONS = DEBUG;
				SWIFT_OPTIMIZATION_LEVEL = "-Onone";
			};
			name = Debug;
		};
		91C5EE37243CA2CD00516C35 /* Release */ = {
			isa = XCBuildConfiguration;
			buildSettings = {
				ALWAYS_SEARCH_USER_PATHS = NO;
				CLANG_ANALYZER_NONNULL = YES;
				CLANG_ANALYZER_NUMBER_OBJECT_CONVERSION = YES_AGGRESSIVE;
				CLANG_CXX_LANGUAGE_STANDARD = "gnu++14";
				CLANG_CXX_LIBRARY = "libc++";
				CLANG_ENABLE_MODULES = YES;
				CLANG_ENABLE_OBJC_ARC = YES;
				CLANG_ENABLE_OBJC_WEAK = YES;
				CLANG_WARN_BLOCK_CAPTURE_AUTORELEASING = YES;
				CLANG_WARN_BOOL_CONVERSION = YES;
				CLANG_WARN_COMMA = YES;
				CLANG_WARN_CONSTANT_CONVERSION = YES;
				CLANG_WARN_DEPRECATED_OBJC_IMPLEMENTATIONS = YES;
				CLANG_WARN_DIRECT_OBJC_ISA_USAGE = YES_ERROR;
				CLANG_WARN_DOCUMENTATION_COMMENTS = YES;
				CLANG_WARN_EMPTY_BODY = YES;
				CLANG_WARN_ENUM_CONVERSION = YES;
				CLANG_WARN_INFINITE_RECURSION = YES;
				CLANG_WARN_INT_CONVERSION = YES;
				CLANG_WARN_NON_LITERAL_NULL_CONVERSION = YES;
				CLANG_WARN_OBJC_IMPLICIT_RETAIN_SELF = YES;
				CLANG_WARN_OBJC_LITERAL_CONVERSION = YES;
				CLANG_WARN_OBJC_ROOT_CLASS = YES_ERROR;
				CLANG_WARN_RANGE_LOOP_ANALYSIS = YES;
				CLANG_WARN_STRICT_PROTOTYPES = YES;
				CLANG_WARN_SUSPICIOUS_MOVE = YES;
				CLANG_WARN_UNGUARDED_AVAILABILITY = YES_AGGRESSIVE;
				CLANG_WARN_UNREACHABLE_CODE = YES;
				CLANG_WARN__DUPLICATE_METHOD_MATCH = YES;
				COPY_PHASE_STRIP = NO;
				DEBUG_INFORMATION_FORMAT = "dwarf-with-dsym";
				ENABLE_NS_ASSERTIONS = NO;
				ENABLE_STRICT_OBJC_MSGSEND = YES;
				GCC_C_LANGUAGE_STANDARD = gnu11;
				GCC_NO_COMMON_BLOCKS = YES;
				GCC_WARN_64_TO_32_BIT_CONVERSION = YES;
				GCC_WARN_ABOUT_RETURN_TYPE = YES_ERROR;
				GCC_WARN_UNDECLARED_SELECTOR = YES;
				GCC_WARN_UNINITIALIZED_AUTOS = YES_AGGRESSIVE;
				GCC_WARN_UNUSED_FUNCTION = YES;
				GCC_WARN_UNUSED_VARIABLE = YES;
				IPHONEOS_DEPLOYMENT_TARGET = 13.4;
				MTL_ENABLE_DEBUG_INFO = NO;
				MTL_FAST_MATH = YES;
				SDKROOT = iphoneos;
				SWIFT_COMPILATION_MODE = wholemodule;
				SWIFT_OPTIMIZATION_LEVEL = "-O";
				VALIDATE_PRODUCT = YES;
			};
			name = Release;
		};
		91C5EE39243CA2CD00516C35 /* Debug */ = {
			isa = XCBuildConfiguration;
			baseConfigurationReference = CAAA39CFA5BD523CE3A8C631 /* Pods-CigPillsPlanner.debug.xcconfig */;
			buildSettings = {
				ASSETCATALOG_COMPILER_APPICON_NAME = AppIcon;
				CODE_SIGN_STYLE = Automatic;
				DEVELOPMENT_TEAM = 583KZML67D;
				INFOPLIST_FILE = "$(SRCROOT)/CigPillsPlanner/SupportingFiles/Info.plist";
				IPHONEOS_DEPLOYMENT_TARGET = 13.0;
				LD_RUNPATH_SEARCH_PATHS = (
					"$(inherited)",
					"@executable_path/Frameworks",
				);
				PRODUCT_BUNDLE_IDENTIFIER = "pin2piva.Cig-n-Pills-Planner";
				PRODUCT_NAME = "$(TARGET_NAME)";
				SWIFT_VERSION = 5.0;
				TARGETED_DEVICE_FAMILY = 1;
			};
			name = Debug;
		};
		91C5EE3A243CA2CD00516C35 /* Release */ = {
			isa = XCBuildConfiguration;
			baseConfigurationReference = 7EC5D5B9AE74923AE7BD0F68 /* Pods-CigPillsPlanner.release.xcconfig */;
			buildSettings = {
				ASSETCATALOG_COMPILER_APPICON_NAME = AppIcon;
				CODE_SIGN_STYLE = Automatic;
				DEVELOPMENT_TEAM = 583KZML67D;
				INFOPLIST_FILE = "$(SRCROOT)/CigPillsPlanner/SupportingFiles/Info.plist";
				IPHONEOS_DEPLOYMENT_TARGET = 13.0;
				LD_RUNPATH_SEARCH_PATHS = (
					"$(inherited)",
					"@executable_path/Frameworks",
				);
				PRODUCT_BUNDLE_IDENTIFIER = "pin2piva.Cig-n-Pills-Planner";
				PRODUCT_NAME = "$(TARGET_NAME)";
				SWIFT_VERSION = 5.0;
				TARGETED_DEVICE_FAMILY = 1;
			};
			name = Release;
		};
/* End XCBuildConfiguration section */

/* Begin XCConfigurationList section */
		91C5EE1F243CA2CC00516C35 /* Build configuration list for PBXProject "CigPillsPlanner" */ = {
			isa = XCConfigurationList;
			buildConfigurations = (
				91C5EE36243CA2CD00516C35 /* Debug */,
				91C5EE37243CA2CD00516C35 /* Release */,
			);
			defaultConfigurationIsVisible = 0;
			defaultConfigurationName = Release;
		};
		91C5EE38243CA2CD00516C35 /* Build configuration list for PBXNativeTarget "CigPillsPlanner" */ = {
			isa = XCConfigurationList;
			buildConfigurations = (
				91C5EE39243CA2CD00516C35 /* Debug */,
				91C5EE3A243CA2CD00516C35 /* Release */,
			);
			defaultConfigurationIsVisible = 0;
			defaultConfigurationName = Release;
		};
/* End XCConfigurationList section */
	};
	rootObject = 91C5EE1C243CA2CB00516C35 /* Project object */;
}
