// !$*UTF8*$!
{
	archiveVersion = 1;
	classes = {
	};
	objectVersion = 52;
	objects = {

/* Begin PBXBuildFile section */
		91111AB62453056200E192B4 /* RealmSwift in Frameworks */ = {isa = PBXBuildFile; productRef = 91111AB52453056200E192B4 /* RealmSwift */; };
		91111AB82453056200E192B4 /* Realm in Frameworks */ = {isa = PBXBuildFile; productRef = 91111AB72453056200E192B4 /* Realm */; };
		9171B7C32449B0E1005C3183 /* CigaretteLimitCell.swift in Sources */ = {isa = PBXBuildFile; fileRef = 9171B7C12449B0E1005C3183 /* CigaretteLimitCell.swift */; };
		9171B7C42449B0E1005C3183 /* CigaretteLimitCell.xib in Resources */ = {isa = PBXBuildFile; fileRef = 9171B7C22449B0E1005C3183 /* CigaretteLimitCell.xib */; };
		9171B7CD2449E3B1005C3183 /* CigaretteIntervalCell.swift in Sources */ = {isa = PBXBuildFile; fileRef = 9171B7CB2449E3B1005C3183 /* CigaretteIntervalCell.swift */; };
		9171B7CE2449E3B1005C3183 /* CigaretteIntervalCell.xib in Resources */ = {isa = PBXBuildFile; fileRef = 9171B7CC2449E3B1005C3183 /* CigaretteIntervalCell.xib */; };
		918C8780244ED3CB00BD2640 /* TimerManager.swift in Sources */ = {isa = PBXBuildFile; fileRef = 918C877F244ED3CB00BD2640 /* TimerManager.swift */; };
		918C8782244F0D9600BD2640 /* CellProtocol.swift in Sources */ = {isa = PBXBuildFile; fileRef = 918C8781244F0D9600BD2640 /* CellProtocol.swift */; };
		918C87D32451B5CF00BD2640 /* Date+zeroSeconds.swift in Sources */ = {isa = PBXBuildFile; fileRef = 918C87D22451B5CF00BD2640 /* Date+zeroSeconds.swift */; };
		918C87D52451B62000BD2640 /* Date+zeroHours.swift in Sources */ = {isa = PBXBuildFile; fileRef = 918C87D42451B62000BD2640 /* Date+zeroHours.swift */; };
		918C87D82452F00600BD2640 /* NewScheduleTableViewDelegate.swift in Sources */ = {isa = PBXBuildFile; fileRef = 918C87D72452F00600BD2640 /* NewScheduleTableViewDelegate.swift */; };
		91B606E3244D9026005731B6 /* CigaretteLimitIntervalCell.swift in Sources */ = {isa = PBXBuildFile; fileRef = 91B606E1244D9026005731B6 /* CigaretteLimitIntervalCell.swift */; };
		91B606E4244D9026005731B6 /* CigaretteLimitIntervalCell.xib in Resources */ = {isa = PBXBuildFile; fileRef = 91B606E2244D9026005731B6 /* CigaretteLimitIntervalCell.xib */; };
		91B606EA244D90DE005731B6 /* NotTodayCell.swift in Sources */ = {isa = PBXBuildFile; fileRef = 91B606E8244D90DE005731B6 /* NotTodayCell.swift */; };
		91B606EE244DD4C1005731B6 /* NotTodayCell.xib in Resources */ = {isa = PBXBuildFile; fileRef = 91B606ED244DD4C1005731B6 /* NotTodayCell.xib */; };
		91B606F1244DEB6E005731B6 /* CigaretteLimitIntervalReduceCell.swift in Sources */ = {isa = PBXBuildFile; fileRef = 91B606EF244DEB6E005731B6 /* CigaretteLimitIntervalReduceCell.swift */; };
		91B606F2244DEB6E005731B6 /* CigaretteLimitIntervalReduceCell.xib in Resources */ = {isa = PBXBuildFile; fileRef = 91B606F0244DEB6E005731B6 /* CigaretteLimitIntervalReduceCell.xib */; };
		91B606F6244DEDFD005731B6 /* CigaretteLimitReduceCell.swift in Sources */ = {isa = PBXBuildFile; fileRef = 91B606F4244DEDFD005731B6 /* CigaretteLimitReduceCell.swift */; };
		91B606F7244DEDFD005731B6 /* CigaretteLimitReduceCell.xib in Resources */ = {isa = PBXBuildFile; fileRef = 91B606F5244DEDFD005731B6 /* CigaretteLimitReduceCell.xib */; };
		91C21069245801BA00CF371C /* DetailTableViewController.storyboard in Resources */ = {isa = PBXBuildFile; fileRef = 91C21068245801BA00CF371C /* DetailTableViewController.storyboard */; };
		91C2106B2458707E00CF371C /* StaticTableManager.swift in Sources */ = {isa = PBXBuildFile; fileRef = 91C2106A2458707E00CF371C /* StaticTableManager.swift */; };
		91C5EE28243CA2CC00516C35 /* AppDelegate.swift in Sources */ = {isa = PBXBuildFile; fileRef = 91C5EE27243CA2CC00516C35 /* AppDelegate.swift */; };
		91C5EE31243CA2CD00516C35 /* Assets.xcassets in Resources */ = {isa = PBXBuildFile; fileRef = 91C5EE30243CA2CD00516C35 /* Assets.xcassets */; };
		91C5EE3E243CA36E00516C35 /* RootViewController.swift in Sources */ = {isa = PBXBuildFile; fileRef = 91C5EE3D243CA36E00516C35 /* RootViewController.swift */; };
		91C5EE48243CA58900516C35 /* SplashViewController.swift in Sources */ = {isa = PBXBuildFile; fileRef = 91C5EE47243CA58900516C35 /* SplashViewController.swift */; };
		91C5EE4E243CA61A00516C35 /* MarkCounter.swift in Sources */ = {isa = PBXBuildFile; fileRef = 91C5EE4D243CA61A00516C35 /* MarkCounter.swift */; };
		91C5EE52243CA66900516C35 /* MainTableViewController.swift in Sources */ = {isa = PBXBuildFile; fileRef = 91C5EE51243CA66900516C35 /* MainTableViewController.swift */; };
		91C5EE5F243CA77B00516C35 /* CigaretteScheduleModel.swift in Sources */ = {isa = PBXBuildFile; fileRef = 91C5EE5E243CA77B00516C35 /* CigaretteScheduleModel.swift */; };
		91C5EE61243CA79B00516C35 /* Scenario.swift in Sources */ = {isa = PBXBuildFile; fileRef = 91C5EE60243CA79B00516C35 /* Scenario.swift */; };
		91C5EE63243CA7D500516C35 /* NewScheduleTableViewController.swift in Sources */ = {isa = PBXBuildFile; fileRef = 91C5EE62243CA7D500516C35 /* NewScheduleTableViewController.swift */; };
		91C5EE65243CA83100516C35 /* TabBarController.swift in Sources */ = {isa = PBXBuildFile; fileRef = 91C5EE64243CA83100516C35 /* TabBarController.swift */; };
		91C5EE69243CA87800516C35 /* DetailTableViewController.swift in Sources */ = {isa = PBXBuildFile; fileRef = 91C5EE68243CA87800516C35 /* DetailTableViewController.swift */; };
		91C5EE6D243CA8DD00516C35 /* DiagramTableViewController.swift in Sources */ = {isa = PBXBuildFile; fileRef = 91C5EE6C243CA8DD00516C35 /* DiagramTableViewController.swift */; };
		91C5EE71243CA92800516C35 /* VisualizationTableViewController.swift in Sources */ = {isa = PBXBuildFile; fileRef = 91C5EE70243CA92800516C35 /* VisualizationTableViewController.swift */; };
		91C5EE75243CA9B500516C35 /* HaveTabBarItem.swift in Sources */ = {isa = PBXBuildFile; fileRef = 91C5EE74243CA9B500516C35 /* HaveTabBarItem.swift */; };
		91C5EE78243CA9DE00516C35 /* DateManager.swift in Sources */ = {isa = PBXBuildFile; fileRef = 91C5EE77243CA9DE00516C35 /* DateManager.swift */; };
		91C5EE7A243CA9FA00516C35 /* AlertManager.swift in Sources */ = {isa = PBXBuildFile; fileRef = 91C5EE79243CA9FA00516C35 /* AlertManager.swift */; };
		91C5EE7C243CAA1E00516C35 /* ErrorManager.swift in Sources */ = {isa = PBXBuildFile; fileRef = 91C5EE7B243CAA1E00516C35 /* ErrorManager.swift */; };
		91C5EE82243CAB6C00516C35 /* CigaretteAccountingCell.swift in Sources */ = {isa = PBXBuildFile; fileRef = 91C5EE80243CAB6C00516C35 /* CigaretteAccountingCell.swift */; };
		91C5EE83243CAB6C00516C35 /* CigaretteAccountingCell.xib in Resources */ = {isa = PBXBuildFile; fileRef = 91C5EE81243CAB6C00516C35 /* CigaretteAccountingCell.xib */; };
		91C5EE85243CABBD00516C35 /* NewScheduleTableViewController.storyboard in Resources */ = {isa = PBXBuildFile; fileRef = 91C5EE84243CABBD00516C35 /* NewScheduleTableViewController.storyboard */; };
		91EB1573243DB3D900B5E75D /* DataManager.swift in Sources */ = {isa = PBXBuildFile; fileRef = 91EB1572243DB3D900B5E75D /* DataManager.swift */; };
		91EB1575243F0C0700B5E75D /* DayliCounter.swift in Sources */ = {isa = PBXBuildFile; fileRef = 91EB1574243F0C0700B5E75D /* DayliCounter.swift */; };
/* End PBXBuildFile section */

/* Begin PBXCopyFilesBuildPhase section */
		918C8795244F2FAB00BD2640 /* Embed App Extensions */ = {
			isa = PBXCopyFilesBuildPhase;
			buildActionMask = 2147483647;
			dstPath = "";
			dstSubfolderSpec = 13;
			files = (
			);
			name = "Embed App Extensions";
			runOnlyForDeploymentPostprocessing = 0;
		};
/* End PBXCopyFilesBuildPhase section */

/* Begin PBXFileReference section */
		9171B7C12449B0E1005C3183 /* CigaretteLimitCell.swift */ = {isa = PBXFileReference; lastKnownFileType = sourcecode.swift; path = CigaretteLimitCell.swift; sourceTree = "<group>"; };
		9171B7C22449B0E1005C3183 /* CigaretteLimitCell.xib */ = {isa = PBXFileReference; lastKnownFileType = file.xib; path = CigaretteLimitCell.xib; sourceTree = "<group>"; };
		9171B7CB2449E3B1005C3183 /* CigaretteIntervalCell.swift */ = {isa = PBXFileReference; lastKnownFileType = sourcecode.swift; path = CigaretteIntervalCell.swift; sourceTree = "<group>"; };
		9171B7CC2449E3B1005C3183 /* CigaretteIntervalCell.xib */ = {isa = PBXFileReference; lastKnownFileType = file.xib; path = CigaretteIntervalCell.xib; sourceTree = "<group>"; };
		918C877F244ED3CB00BD2640 /* TimerManager.swift */ = {isa = PBXFileReference; lastKnownFileType = sourcecode.swift; path = TimerManager.swift; sourceTree = "<group>"; };
		918C8781244F0D9600BD2640 /* CellProtocol.swift */ = {isa = PBXFileReference; lastKnownFileType = sourcecode.swift; path = CellProtocol.swift; sourceTree = "<group>"; };
		918C8789244F2FAB00BD2640 /* NotificationCenter.framework */ = {isa = PBXFileReference; lastKnownFileType = wrapper.framework; name = NotificationCenter.framework; path = System/Library/Frameworks/NotificationCenter.framework; sourceTree = SDKROOT; };
		918C87B4245037F600BD2640 /* CigPillsPlanner.entitlements */ = {isa = PBXFileReference; fileEncoding = 4; lastKnownFileType = text.plist.entitlements; path = CigPillsPlanner.entitlements; sourceTree = "<group>"; };
		918C87D22451B5CF00BD2640 /* Date+zeroSeconds.swift */ = {isa = PBXFileReference; lastKnownFileType = sourcecode.swift; path = "Date+zeroSeconds.swift"; sourceTree = "<group>"; };
		918C87D42451B62000BD2640 /* Date+zeroHours.swift */ = {isa = PBXFileReference; lastKnownFileType = sourcecode.swift; path = "Date+zeroHours.swift"; sourceTree = "<group>"; };
		918C87D72452F00600BD2640 /* NewScheduleTableViewDelegate.swift */ = {isa = PBXFileReference; lastKnownFileType = sourcecode.swift; path = NewScheduleTableViewDelegate.swift; sourceTree = "<group>"; };
		91B606E1244D9026005731B6 /* CigaretteLimitIntervalCell.swift */ = {isa = PBXFileReference; lastKnownFileType = sourcecode.swift; path = CigaretteLimitIntervalCell.swift; sourceTree = "<group>"; };
		91B606E2244D9026005731B6 /* CigaretteLimitIntervalCell.xib */ = {isa = PBXFileReference; lastKnownFileType = file.xib; path = CigaretteLimitIntervalCell.xib; sourceTree = "<group>"; };
		91B606E8244D90DE005731B6 /* NotTodayCell.swift */ = {isa = PBXFileReference; lastKnownFileType = sourcecode.swift; path = NotTodayCell.swift; sourceTree = "<group>"; };
		91B606ED244DD4C1005731B6 /* NotTodayCell.xib */ = {isa = PBXFileReference; lastKnownFileType = file.xib; path = NotTodayCell.xib; sourceTree = "<group>"; };
		91B606EF244DEB6E005731B6 /* CigaretteLimitIntervalReduceCell.swift */ = {isa = PBXFileReference; lastKnownFileType = sourcecode.swift; path = CigaretteLimitIntervalReduceCell.swift; sourceTree = "<group>"; };
		91B606F0244DEB6E005731B6 /* CigaretteLimitIntervalReduceCell.xib */ = {isa = PBXFileReference; lastKnownFileType = file.xib; path = CigaretteLimitIntervalReduceCell.xib; sourceTree = "<group>"; };
		91B606F4244DEDFD005731B6 /* CigaretteLimitReduceCell.swift */ = {isa = PBXFileReference; lastKnownFileType = sourcecode.swift; path = CigaretteLimitReduceCell.swift; sourceTree = "<group>"; };
		91B606F5244DEDFD005731B6 /* CigaretteLimitReduceCell.xib */ = {isa = PBXFileReference; lastKnownFileType = file.xib; path = CigaretteLimitReduceCell.xib; sourceTree = "<group>"; };
		91C21068245801BA00CF371C /* DetailTableViewController.storyboard */ = {isa = PBXFileReference; lastKnownFileType = file.storyboard; path = DetailTableViewController.storyboard; sourceTree = "<group>"; };
		91C2106A2458707E00CF371C /* StaticTableManager.swift */ = {isa = PBXFileReference; lastKnownFileType = sourcecode.swift; path = StaticTableManager.swift; sourceTree = "<group>"; };
		91C5EE24243CA2CC00516C35 /* CigPillsPlanner.app */ = {isa = PBXFileReference; explicitFileType = wrapper.application; includeInIndex = 0; path = CigPillsPlanner.app; sourceTree = BUILT_PRODUCTS_DIR; };
		91C5EE27243CA2CC00516C35 /* AppDelegate.swift */ = {isa = PBXFileReference; lastKnownFileType = sourcecode.swift; path = AppDelegate.swift; sourceTree = "<group>"; };
		91C5EE30243CA2CD00516C35 /* Assets.xcassets */ = {isa = PBXFileReference; lastKnownFileType = folder.assetcatalog; path = Assets.xcassets; sourceTree = "<group>"; };
		91C5EE35243CA2CD00516C35 /* Info.plist */ = {isa = PBXFileReference; lastKnownFileType = text.plist.xml; path = Info.plist; sourceTree = "<group>"; };
		91C5EE3D243CA36E00516C35 /* RootViewController.swift */ = {isa = PBXFileReference; lastKnownFileType = sourcecode.swift; path = RootViewController.swift; sourceTree = "<group>"; };
		91C5EE47243CA58900516C35 /* SplashViewController.swift */ = {isa = PBXFileReference; lastKnownFileType = sourcecode.swift; path = SplashViewController.swift; sourceTree = "<group>"; };
		91C5EE4D243CA61A00516C35 /* MarkCounter.swift */ = {isa = PBXFileReference; lastKnownFileType = sourcecode.swift; path = MarkCounter.swift; sourceTree = "<group>"; };
		91C5EE51243CA66900516C35 /* MainTableViewController.swift */ = {isa = PBXFileReference; lastKnownFileType = sourcecode.swift; path = MainTableViewController.swift; sourceTree = "<group>"; };
		91C5EE5E243CA77B00516C35 /* CigaretteScheduleModel.swift */ = {isa = PBXFileReference; lastKnownFileType = sourcecode.swift; path = CigaretteScheduleModel.swift; sourceTree = "<group>"; };
		91C5EE60243CA79B00516C35 /* Scenario.swift */ = {isa = PBXFileReference; lastKnownFileType = sourcecode.swift; path = Scenario.swift; sourceTree = "<group>"; };
		91C5EE62243CA7D500516C35 /* NewScheduleTableViewController.swift */ = {isa = PBXFileReference; lastKnownFileType = sourcecode.swift; path = NewScheduleTableViewController.swift; sourceTree = "<group>"; };
		91C5EE64243CA83100516C35 /* TabBarController.swift */ = {isa = PBXFileReference; lastKnownFileType = sourcecode.swift; path = TabBarController.swift; sourceTree = "<group>"; };
		91C5EE68243CA87800516C35 /* DetailTableViewController.swift */ = {isa = PBXFileReference; lastKnownFileType = sourcecode.swift; path = DetailTableViewController.swift; sourceTree = "<group>"; };
		91C5EE6C243CA8DD00516C35 /* DiagramTableViewController.swift */ = {isa = PBXFileReference; lastKnownFileType = sourcecode.swift; path = DiagramTableViewController.swift; sourceTree = "<group>"; };
		91C5EE70243CA92800516C35 /* VisualizationTableViewController.swift */ = {isa = PBXFileReference; lastKnownFileType = sourcecode.swift; path = VisualizationTableViewController.swift; sourceTree = "<group>"; };
		91C5EE74243CA9B500516C35 /* HaveTabBarItem.swift */ = {isa = PBXFileReference; lastKnownFileType = sourcecode.swift; path = HaveTabBarItem.swift; sourceTree = "<group>"; };
		91C5EE77243CA9DE00516C35 /* DateManager.swift */ = {isa = PBXFileReference; lastKnownFileType = sourcecode.swift; path = DateManager.swift; sourceTree = "<group>"; };
		91C5EE79243CA9FA00516C35 /* AlertManager.swift */ = {isa = PBXFileReference; lastKnownFileType = sourcecode.swift; path = AlertManager.swift; sourceTree = "<group>"; };
		91C5EE7B243CAA1E00516C35 /* ErrorManager.swift */ = {isa = PBXFileReference; lastKnownFileType = sourcecode.swift; path = ErrorManager.swift; sourceTree = "<group>"; };
		91C5EE80243CAB6C00516C35 /* CigaretteAccountingCell.swift */ = {isa = PBXFileReference; lastKnownFileType = sourcecode.swift; path = CigaretteAccountingCell.swift; sourceTree = "<group>"; };
		91C5EE81243CAB6C00516C35 /* CigaretteAccountingCell.xib */ = {isa = PBXFileReference; lastKnownFileType = file.xib; path = CigaretteAccountingCell.xib; sourceTree = "<group>"; };
		91C5EE84243CABBD00516C35 /* NewScheduleTableViewController.storyboard */ = {isa = PBXFileReference; lastKnownFileType = file.storyboard; path = NewScheduleTableViewController.storyboard; sourceTree = "<group>"; };
		91EB1572243DB3D900B5E75D /* DataManager.swift */ = {isa = PBXFileReference; lastKnownFileType = sourcecode.swift; path = DataManager.swift; sourceTree = "<group>"; };
		91EB1574243F0C0700B5E75D /* DayliCounter.swift */ = {isa = PBXFileReference; lastKnownFileType = sourcecode.swift; path = DayliCounter.swift; sourceTree = "<group>"; };
/* End PBXFileReference section */

/* Begin PBXFrameworksBuildPhase section */
		91C5EE21243CA2CC00516C35 /* Frameworks */ = {
			isa = PBXFrameworksBuildPhase;
			buildActionMask = 2147483647;
			files = (
				91111AB82453056200E192B4 /* Realm in Frameworks */,
				91111AB62453056200E192B4 /* RealmSwift in Frameworks */,
			);
			runOnlyForDeploymentPostprocessing = 0;
		};
/* End PBXFrameworksBuildPhase section */

/* Begin PBXGroup section */
		91111ABB2453118C00E192B4 /* View */ = {
			isa = PBXGroup;
			children = (
				91C21068245801BA00CF371C /* DetailTableViewController.storyboard */,
			);
			path = View;
			sourceTree = "<group>";
		};
		916CD7B324483D1900812760 /* Classes */ = {
			isa = PBXGroup;
			children = (
				91C5EE76243CA9C700516C35 /* Protocols */,
				91C5EE7D243CAAA600516C35 /* Managers */,
			);
			path = Classes;
			sourceTree = "<group>";
		};
		916CD7B424483D3700812760 /* MVC */ = {
			isa = PBXGroup;
			children = (
				91C5EE3B243CA30400516C35 /* Root */,
				91C5EE45243CA51A00516C35 /* Splash */,
				91C5EE49243CA5D200516C35 /* Main */,
				91C5EE57243CA70700516C35 /* NewSchedule */,
				91C5EE66243CA83500516C35 /* TabBar */,
				91C5EE6A243CA87F00516C35 /* Detail */,
				91C5EE6E243CA8E400516C35 /* Diagram */,
				91C5EE72243CA92E00516C35 /* Visualization */,
			);
			path = MVC;
			sourceTree = "<group>";
		};
		9171B7CF2449E3B6005C3183 /* CigaretteIntervalCell */ = {
			isa = PBXGroup;
			children = (
				9171B7CB2449E3B1005C3183 /* CigaretteIntervalCell.swift */,
				9171B7CC2449E3B1005C3183 /* CigaretteIntervalCell.xib */,
			);
			path = CigaretteIntervalCell;
			sourceTree = "<group>";
		};
		918C8788244F2FAB00BD2640 /* Frameworks */ = {
			isa = PBXGroup;
			children = (
				918C8789244F2FAB00BD2640 /* NotificationCenter.framework */,
			);
			name = Frameworks;
			sourceTree = "<group>";
		};
		918C87D62451B89700BD2640 /* Extensions */ = {
			isa = PBXGroup;
			children = (
				918C87D22451B5CF00BD2640 /* Date+zeroSeconds.swift */,
				918C87D42451B62000BD2640 /* Date+zeroHours.swift */,
			);
			path = Extensions;
			sourceTree = "<group>";
		};
		91B606E5244D902F005731B6 /* CigaretteLimitIntervalCell */ = {
			isa = PBXGroup;
			children = (
				91B606E1244D9026005731B6 /* CigaretteLimitIntervalCell.swift */,
				91B606E2244D9026005731B6 /* CigaretteLimitIntervalCell.xib */,
			);
			path = CigaretteLimitIntervalCell;
			sourceTree = "<group>";
		};
		91B606EC244D90E4005731B6 /* NotTodayCell */ = {
			isa = PBXGroup;
			children = (
				91B606E8244D90DE005731B6 /* NotTodayCell.swift */,
				91B606ED244DD4C1005731B6 /* NotTodayCell.xib */,
			);
			path = NotTodayCell;
			sourceTree = "<group>";
		};
		91B606F3244DEB79005731B6 /* CigaretteLimitIntervalReduceCell */ = {
			isa = PBXGroup;
			children = (
				91B606EF244DEB6E005731B6 /* CigaretteLimitIntervalReduceCell.swift */,
				91B606F0244DEB6E005731B6 /* CigaretteLimitIntervalReduceCell.xib */,
			);
			path = CigaretteLimitIntervalReduceCell;
			sourceTree = "<group>";
		};
		91B606F8244DEE05005731B6 /* CigaretteLimitReduceCell */ = {
			isa = PBXGroup;
			children = (
				91B606F4244DEDFD005731B6 /* CigaretteLimitReduceCell.swift */,
				91B606F5244DEDFD005731B6 /* CigaretteLimitReduceCell.xib */,
			);
			path = CigaretteLimitReduceCell;
			sourceTree = "<group>";
		};
		91C5EE1B243CA2CB00516C35 = {
			isa = PBXGroup;
			children = (
				91C5EE26243CA2CC00516C35 /* CigPillsPlanner */,
				918C8788244F2FAB00BD2640 /* Frameworks */,
				91C5EE25243CA2CC00516C35 /* Products */,
			);
			sourceTree = "<group>";
		};
		91C5EE25243CA2CC00516C35 /* Products */ = {
			isa = PBXGroup;
			children = (
				91C5EE24243CA2CC00516C35 /* CigPillsPlanner.app */,
			);
			name = Products;
			sourceTree = "<group>";
		};
		91C5EE26243CA2CC00516C35 /* CigPillsPlanner */ = {
			isa = PBXGroup;
			children = (
				918C87B4245037F600BD2640 /* CigPillsPlanner.entitlements */,
				916CD7B424483D3700812760 /* MVC */,
				916CD7B324483D1900812760 /* Classes */,
				918C87D62451B89700BD2640 /* Extensions */,
				91C5EE3F243CA39600516C35 /* Application */,
				91C5EE42243CA40800516C35 /* SupportingFiles */,
			);
			path = CigPillsPlanner;
			sourceTree = "<group>";
		};
		91C5EE3B243CA30400516C35 /* Root */ = {
			isa = PBXGroup;
			children = (
				91C5EE3C243CA32500516C35 /* ViewController */,
			);
			path = Root;
			sourceTree = "<group>";
		};
		91C5EE3C243CA32500516C35 /* ViewController */ = {
			isa = PBXGroup;
			children = (
				91C5EE3D243CA36E00516C35 /* RootViewController.swift */,
			);
			path = ViewController;
			sourceTree = "<group>";
		};
		91C5EE3F243CA39600516C35 /* Application */ = {
			isa = PBXGroup;
			children = (
				91C5EE41243CA3DD00516C35 /* Controller */,
			);
			path = Application;
			sourceTree = "<group>";
		};
		91C5EE41243CA3DD00516C35 /* Controller */ = {
			isa = PBXGroup;
			children = (
				91C5EE27243CA2CC00516C35 /* AppDelegate.swift */,
			);
			path = Controller;
			sourceTree = "<group>";
		};
		91C5EE42243CA40800516C35 /* SupportingFiles */ = {
			isa = PBXGroup;
			children = (
				91C5EE30243CA2CD00516C35 /* Assets.xcassets */,
				91C5EE35243CA2CD00516C35 /* Info.plist */,
			);
			path = SupportingFiles;
			sourceTree = "<group>";
		};
		91C5EE45243CA51A00516C35 /* Splash */ = {
			isa = PBXGroup;
			children = (
				91C5EE46243CA52500516C35 /* Controller */,
			);
			path = Splash;
			sourceTree = "<group>";
		};
		91C5EE46243CA52500516C35 /* Controller */ = {
			isa = PBXGroup;
			children = (
				91C5EE47243CA58900516C35 /* SplashViewController.swift */,
			);
			path = Controller;
			sourceTree = "<group>";
		};
		91C5EE49243CA5D200516C35 /* Main */ = {
			isa = PBXGroup;
			children = (
				91C5EE4C243CA5ED00516C35 /* Model */,
				91C5EE4B243CA5E800516C35 /* View */,
				91C5EE4A243CA5D900516C35 /* Controller */,
			);
			path = Main;
			sourceTree = "<group>";
		};
		91C5EE4A243CA5D900516C35 /* Controller */ = {
			isa = PBXGroup;
			children = (
				91C5EE51243CA66900516C35 /* MainTableViewController.swift */,
			);
			path = Controller;
			sourceTree = "<group>";
		};
		91C5EE4B243CA5E800516C35 /* View */ = {
			isa = PBXGroup;
			children = (
				91C5EE53243CA68600516C35 /* Cells */,
			);
			path = View;
			sourceTree = "<group>";
		};
		91C5EE4C243CA5ED00516C35 /* Model */ = {
			isa = PBXGroup;
			children = (
				91C5EE4D243CA61A00516C35 /* MarkCounter.swift */,
				91EB1574243F0C0700B5E75D /* DayliCounter.swift */,
			);
			path = Model;
			sourceTree = "<group>";
		};
		91C5EE53243CA68600516C35 /* Cells */ = {
			isa = PBXGroup;
			children = (
				91B606EC244D90E4005731B6 /* NotTodayCell */,
				91C5EE54243CA69E00516C35 /* CigaretteAcountingCell */,
				91E537D02448A7980056E67A /* CigaretteLimitCell */,
				9171B7CF2449E3B6005C3183 /* CigaretteIntervalCell */,
				91B606E5244D902F005731B6 /* CigaretteLimitIntervalCell */,
				91B606F3244DEB79005731B6 /* CigaretteLimitIntervalReduceCell */,
				91B606F8244DEE05005731B6 /* CigaretteLimitReduceCell */,
			);
			path = Cells;
			sourceTree = "<group>";
		};
		91C5EE54243CA69E00516C35 /* CigaretteAcountingCell */ = {
			isa = PBXGroup;
			children = (
				91C5EE80243CAB6C00516C35 /* CigaretteAccountingCell.swift */,
				91C5EE81243CAB6C00516C35 /* CigaretteAccountingCell.xib */,
			);
			path = CigaretteAcountingCell;
			sourceTree = "<group>";
		};
		91C5EE57243CA70700516C35 /* NewSchedule */ = {
			isa = PBXGroup;
			children = (
				91C5EE5A243CA74100516C35 /* Model */,
				91C5EE59243CA73A00516C35 /* View */,
				91C5EE58243CA72F00516C35 /* Controller */,
			);
			path = NewSchedule;
			sourceTree = "<group>";
		};
		91C5EE58243CA72F00516C35 /* Controller */ = {
			isa = PBXGroup;
			children = (
				91C5EE62243CA7D500516C35 /* NewScheduleTableViewController.swift */,
			);
			path = Controller;
			sourceTree = "<group>";
		};
		91C5EE59243CA73A00516C35 /* View */ = {
			isa = PBXGroup;
			children = (
				91C5EE84243CABBD00516C35 /* NewScheduleTableViewController.storyboard */,
			);
			path = View;
			sourceTree = "<group>";
		};
		91C5EE5A243CA74100516C35 /* Model */ = {
			isa = PBXGroup;
			children = (
				91C5EE5E243CA77B00516C35 /* CigaretteScheduleModel.swift */,
				91C5EE60243CA79B00516C35 /* Scenario.swift */,
			);
			path = Model;
			sourceTree = "<group>";
		};
		91C5EE66243CA83500516C35 /* TabBar */ = {
			isa = PBXGroup;
			children = (
				91C5EE67243CA83D00516C35 /* Controller */,
			);
			path = TabBar;
			sourceTree = "<group>";
		};
		91C5EE67243CA83D00516C35 /* Controller */ = {
			isa = PBXGroup;
			children = (
				91C5EE64243CA83100516C35 /* TabBarController.swift */,
			);
			path = Controller;
			sourceTree = "<group>";
		};
		91C5EE6A243CA87F00516C35 /* Detail */ = {
			isa = PBXGroup;
			children = (
				91C5EE6B243CA88700516C35 /* Controller */,
				91111ABB2453118C00E192B4 /* View */,
			);
			path = Detail;
			sourceTree = "<group>";
		};
		91C5EE6B243CA88700516C35 /* Controller */ = {
			isa = PBXGroup;
			children = (
				91C5EE68243CA87800516C35 /* DetailTableViewController.swift */,
			);
			path = Controller;
			sourceTree = "<group>";
		};
		91C5EE6E243CA8E400516C35 /* Diagram */ = {
			isa = PBXGroup;
			children = (
				91C5EE6F243CA8EB00516C35 /* Controller */,
			);
			path = Diagram;
			sourceTree = "<group>";
		};
		91C5EE6F243CA8EB00516C35 /* Controller */ = {
			isa = PBXGroup;
			children = (
				91C5EE6C243CA8DD00516C35 /* DiagramTableViewController.swift */,
			);
			path = Controller;
			sourceTree = "<group>";
		};
		91C5EE72243CA92E00516C35 /* Visualization */ = {
			isa = PBXGroup;
			children = (
				91C5EE73243CA93700516C35 /* Controller */,
			);
			path = Visualization;
			sourceTree = "<group>";
		};
		91C5EE73243CA93700516C35 /* Controller */ = {
			isa = PBXGroup;
			children = (
				91C5EE70243CA92800516C35 /* VisualizationTableViewController.swift */,
			);
			path = Controller;
			sourceTree = "<group>";
		};
		91C5EE76243CA9C700516C35 /* Protocols */ = {
			isa = PBXGroup;
			children = (
				91C5EE74243CA9B500516C35 /* HaveTabBarItem.swift */,
				918C8781244F0D9600BD2640 /* CellProtocol.swift */,
				918C87D72452F00600BD2640 /* NewScheduleTableViewDelegate.swift */,
			);
			path = Protocols;
			sourceTree = "<group>";
		};
		91C5EE7D243CAAA600516C35 /* Managers */ = {
			isa = PBXGroup;
			children = (
				91EB1572243DB3D900B5E75D /* DataManager.swift */,
				91C5EE77243CA9DE00516C35 /* DateManager.swift */,
				91C5EE79243CA9FA00516C35 /* AlertManager.swift */,
				91C5EE7B243CAA1E00516C35 /* ErrorManager.swift */,
				918C877F244ED3CB00BD2640 /* TimerManager.swift */,
				91C2106A2458707E00CF371C /* StaticTableManager.swift */,
			);
			path = Managers;
			sourceTree = "<group>";
		};
		91E537D02448A7980056E67A /* CigaretteLimitCell */ = {
			isa = PBXGroup;
			children = (
				9171B7C12449B0E1005C3183 /* CigaretteLimitCell.swift */,
				9171B7C22449B0E1005C3183 /* CigaretteLimitCell.xib */,
			);
			path = CigaretteLimitCell;
			sourceTree = "<group>";
		};
/* End PBXGroup section */

/* Begin PBXNativeTarget section */
		91C5EE23243CA2CC00516C35 /* CigPillsPlanner */ = {
			isa = PBXNativeTarget;
			buildConfigurationList = 91C5EE38243CA2CD00516C35 /* Build configuration list for PBXNativeTarget "CigPillsPlanner" */;
			buildPhases = (
				91C5EE20243CA2CC00516C35 /* Sources */,
				91C5EE21243CA2CC00516C35 /* Frameworks */,
				91C5EE22243CA2CC00516C35 /* Resources */,
				918C8795244F2FAB00BD2640 /* Embed App Extensions */,
			);
			buildRules = (
			);
			dependencies = (
			);
			name = CigPillsPlanner;
			packageProductDependencies = (
				91111AB52453056200E192B4 /* RealmSwift */,
				91111AB72453056200E192B4 /* Realm */,
			);
			productName = "Cig'n'Pills Planner";
			productReference = 91C5EE24243CA2CC00516C35 /* CigPillsPlanner.app */;
			productType = "com.apple.product-type.application";
		};
/* End PBXNativeTarget section */

/* Begin PBXProject section */
		91C5EE1C243CA2CB00516C35 /* Project object */ = {
			isa = PBXProject;
			attributes = {
				LastSwiftUpdateCheck = 1140;
				LastUpgradeCheck = 1140;
				ORGANIZATIONNAME = "Artsiom Habruseu";
				TargetAttributes = {
					91C5EE23243CA2CC00516C35 = {
						CreatedOnToolsVersion = 11.4;
					};
				};
			};
			buildConfigurationList = 91C5EE1F243CA2CC00516C35 /* Build configuration list for PBXProject "CigPillsPlanner" */;
			compatibilityVersion = "Xcode 9.3";
			developmentRegion = en;
			hasScannedForEncodings = 0;
			knownRegions = (
				en,
				Base,
			);
			mainGroup = 91C5EE1B243CA2CB00516C35;
			packageReferences = (
				91111AB42453056200E192B4 /* XCRemoteSwiftPackageReference "realm-cocoa" */,
			);
			productRefGroup = 91C5EE25243CA2CC00516C35 /* Products */;
			projectDirPath = "";
			projectRoot = "";
			targets = (
				91C5EE23243CA2CC00516C35 /* CigPillsPlanner */,
			);
		};
/* End PBXProject section */

/* Begin PBXResourcesBuildPhase section */
		91C5EE22243CA2CC00516C35 /* Resources */ = {
			isa = PBXResourcesBuildPhase;
			buildActionMask = 2147483647;
			files = (
				91B606EE244DD4C1005731B6 /* NotTodayCell.xib in Resources */,
				91C5EE85243CABBD00516C35 /* NewScheduleTableViewController.storyboard in Resources */,
				91B606F7244DEDFD005731B6 /* CigaretteLimitReduceCell.xib in Resources */,
				91C5EE31243CA2CD00516C35 /* Assets.xcassets in Resources */,
				9171B7C42449B0E1005C3183 /* CigaretteLimitCell.xib in Resources */,
				91B606F2244DEB6E005731B6 /* CigaretteLimitIntervalReduceCell.xib in Resources */,
				9171B7CE2449E3B1005C3183 /* CigaretteIntervalCell.xib in Resources */,
				91C5EE83243CAB6C00516C35 /* CigaretteAccountingCell.xib in Resources */,
				91B606E4244D9026005731B6 /* CigaretteLimitIntervalCell.xib in Resources */,
				91C21069245801BA00CF371C /* DetailTableViewController.storyboard in Resources */,
			);
			runOnlyForDeploymentPostprocessing = 0;
		};
/* End PBXResourcesBuildPhase section */

/* Begin PBXSourcesBuildPhase section */
		91C5EE20243CA2CC00516C35 /* Sources */ = {
			isa = PBXSourcesBuildPhase;
			buildActionMask = 2147483647;
			files = (
				91B606F1244DEB6E005731B6 /* CigaretteLimitIntervalReduceCell.swift in Sources */,
				918C8782244F0D9600BD2640 /* CellProtocol.swift in Sources */,
				918C87D82452F00600BD2640 /* NewScheduleTableViewDelegate.swift in Sources */,
				918C87D52451B62000BD2640 /* Date+zeroHours.swift in Sources */,
				91C5EE48243CA58900516C35 /* SplashViewController.swift in Sources */,
				91EB1573243DB3D900B5E75D /* DataManager.swift in Sources */,
				9171B7C32449B0E1005C3183 /* CigaretteLimitCell.swift in Sources */,
				91C2106B2458707E00CF371C /* StaticTableManager.swift in Sources */,
				91C5EE3E243CA36E00516C35 /* RootViewController.swift in Sources */,
				918C8780244ED3CB00BD2640 /* TimerManager.swift in Sources */,
				91B606F6244DEDFD005731B6 /* CigaretteLimitReduceCell.swift in Sources */,
				91B606E3244D9026005731B6 /* CigaretteLimitIntervalCell.swift in Sources */,
				91EB1575243F0C0700B5E75D /* DayliCounter.swift in Sources */,
				91C5EE61243CA79B00516C35 /* Scenario.swift in Sources */,
				91C5EE28243CA2CC00516C35 /* AppDelegate.swift in Sources */,
				91C5EE63243CA7D500516C35 /* NewScheduleTableViewController.swift in Sources */,
				91C5EE4E243CA61A00516C35 /* MarkCounter.swift in Sources */,
				91C5EE71243CA92800516C35 /* VisualizationTableViewController.swift in Sources */,
				9171B7CD2449E3B1005C3183 /* CigaretteIntervalCell.swift in Sources */,
				91C5EE7A243CA9FA00516C35 /* AlertManager.swift in Sources */,
				918C87D32451B5CF00BD2640 /* Date+zeroSeconds.swift in Sources */,
				91C5EE78243CA9DE00516C35 /* DateManager.swift in Sources */,
				91B606EA244D90DE005731B6 /* NotTodayCell.swift in Sources */,
				91C5EE5F243CA77B00516C35 /* CigaretteScheduleModel.swift in Sources */,
				91C5EE7C243CAA1E00516C35 /* ErrorManager.swift in Sources */,
				91C5EE69243CA87800516C35 /* DetailTableViewController.swift in Sources */,
				91C5EE6D243CA8DD00516C35 /* DiagramTableViewController.swift in Sources */,
				91C5EE82243CAB6C00516C35 /* CigaretteAccountingCell.swift in Sources */,
				91C5EE65243CA83100516C35 /* TabBarController.swift in Sources */,
				91C5EE52243CA66900516C35 /* MainTableViewController.swift in Sources */,
				91C5EE75243CA9B500516C35 /* HaveTabBarItem.swift in Sources */,
			);
			runOnlyForDeploymentPostprocessing = 0;
		};
/* End PBXSourcesBuildPhase section */

/* Begin XCBuildConfiguration section */
		91C5EE36243CA2CD00516C35 /* Debug */ = {
			isa = XCBuildConfiguration;
			buildSettings = {
				ALWAYS_SEARCH_USER_PATHS = NO;
				CLANG_ANALYZER_NONNULL = YES;
				CLANG_ANALYZER_NUMBER_OBJECT_CONVERSION = YES_AGGRESSIVE;
				CLANG_CXX_LANGUAGE_STANDARD = "gnu++14";
				CLANG_CXX_LIBRARY = "libc++";
				CLANG_ENABLE_MODULES = YES;
				CLANG_ENABLE_OBJC_ARC = YES;
				CLANG_ENABLE_OBJC_WEAK = YES;
				CLANG_WARN_BLOCK_CAPTURE_AUTORELEASING = YES;
				CLANG_WARN_BOOL_CONVERSION = YES;
				CLANG_WARN_COMMA = YES;
				CLANG_WARN_CONSTANT_CONVERSION = YES;
				CLANG_WARN_DEPRECATED_OBJC_IMPLEMENTATIONS = YES;
				CLANG_WARN_DIRECT_OBJC_ISA_USAGE = YES_ERROR;
				CLANG_WARN_DOCUMENTATION_COMMENTS = YES;
				CLANG_WARN_EMPTY_BODY = YES;
				CLANG_WARN_ENUM_CONVERSION = YES;
				CLANG_WARN_INFINITE_RECURSION = YES;
				CLANG_WARN_INT_CONVERSION = YES;
				CLANG_WARN_NON_LITERAL_NULL_CONVERSION = YES;
				CLANG_WARN_OBJC_IMPLICIT_RETAIN_SELF = YES;
				CLANG_WARN_OBJC_LITERAL_CONVERSION = YES;
				CLANG_WARN_OBJC_ROOT_CLASS = YES_ERROR;
				CLANG_WARN_RANGE_LOOP_ANALYSIS = YES;
				CLANG_WARN_STRICT_PROTOTYPES = YES;
				CLANG_WARN_SUSPICIOUS_MOVE = YES;
				CLANG_WARN_UNGUARDED_AVAILABILITY = YES_AGGRESSIVE;
				CLANG_WARN_UNREACHABLE_CODE = YES;
				CLANG_WARN__DUPLICATE_METHOD_MATCH = YES;
				COPY_PHASE_STRIP = NO;
				DEBUG_INFORMATION_FORMAT = dwarf;
				ENABLE_STRICT_OBJC_MSGSEND = YES;
				ENABLE_TESTABILITY = YES;
				GCC_C_LANGUAGE_STANDARD = gnu11;
				GCC_DYNAMIC_NO_PIC = NO;
				GCC_NO_COMMON_BLOCKS = YES;
				GCC_OPTIMIZATION_LEVEL = 0;
				GCC_PREPROCESSOR_DEFINITIONS = (
					"DEBUG=1",
					"$(inherited)",
				);
				GCC_WARN_64_TO_32_BIT_CONVERSION = YES;
				GCC_WARN_ABOUT_RETURN_TYPE = YES_ERROR;
				GCC_WARN_UNDECLARED_SELECTOR = YES;
				GCC_WARN_UNINITIALIZED_AUTOS = YES_AGGRESSIVE;
				GCC_WARN_UNUSED_FUNCTION = YES;
				GCC_WARN_UNUSED_VARIABLE = YES;
				IPHONEOS_DEPLOYMENT_TARGET = 13.4;
				MTL_ENABLE_DEBUG_INFO = INCLUDE_SOURCE;
				MTL_FAST_MATH = YES;
				ONLY_ACTIVE_ARCH = YES;
				SDKROOT = iphoneos;
				SWIFT_ACTIVE_COMPILATION_CONDITIONS = DEBUG;
				SWIFT_OPTIMIZATION_LEVEL = "-Onone";
			};
			name = Debug;
		};
		91C5EE37243CA2CD00516C35 /* Release */ = {
			isa = XCBuildConfiguration;
			buildSettings = {
				ALWAYS_SEARCH_USER_PATHS = NO;
				CLANG_ANALYZER_NONNULL = YES;
				CLANG_ANALYZER_NUMBER_OBJECT_CONVERSION = YES_AGGRESSIVE;
				CLANG_CXX_LANGUAGE_STANDARD = "gnu++14";
				CLANG_CXX_LIBRARY = "libc++";
				CLANG_ENABLE_MODULES = YES;
				CLANG_ENABLE_OBJC_ARC = YES;
				CLANG_ENABLE_OBJC_WEAK = YES;
				CLANG_WARN_BLOCK_CAPTURE_AUTORELEASING = YES;
				CLANG_WARN_BOOL_CONVERSION = YES;
				CLANG_WARN_COMMA = YES;
				CLANG_WARN_CONSTANT_CONVERSION = YES;
				CLANG_WARN_DEPRECATED_OBJC_IMPLEMENTATIONS = YES;
				CLANG_WARN_DIRECT_OBJC_ISA_USAGE = YES_ERROR;
				CLANG_WARN_DOCUMENTATION_COMMENTS = YES;
				CLANG_WARN_EMPTY_BODY = YES;
				CLANG_WARN_ENUM_CONVERSION = YES;
				CLANG_WARN_INFINITE_RECURSION = YES;
				CLANG_WARN_INT_CONVERSION = YES;
				CLANG_WARN_NON_LITERAL_NULL_CONVERSION = YES;
				CLANG_WARN_OBJC_IMPLICIT_RETAIN_SELF = YES;
				CLANG_WARN_OBJC_LITERAL_CONVERSION = YES;
				CLANG_WARN_OBJC_ROOT_CLASS = YES_ERROR;
				CLANG_WARN_RANGE_LOOP_ANALYSIS = YES;
				CLANG_WARN_STRICT_PROTOTYPES = YES;
				CLANG_WARN_SUSPICIOUS_MOVE = YES;
				CLANG_WARN_UNGUARDED_AVAILABILITY = YES_AGGRESSIVE;
				CLANG_WARN_UNREACHABLE_CODE = YES;
				CLANG_WARN__DUPLICATE_METHOD_MATCH = YES;
				COPY_PHASE_STRIP = NO;
				DEBUG_INFORMATION_FORMAT = "dwarf-with-dsym";
				ENABLE_NS_ASSERTIONS = NO;
				ENABLE_STRICT_OBJC_MSGSEND = YES;
				GCC_C_LANGUAGE_STANDARD = gnu11;
				GCC_NO_COMMON_BLOCKS = YES;
				GCC_WARN_64_TO_32_BIT_CONVERSION = YES;
				GCC_WARN_ABOUT_RETURN_TYPE = YES_ERROR;
				GCC_WARN_UNDECLARED_SELECTOR = YES;
				GCC_WARN_UNINITIALIZED_AUTOS = YES_AGGRESSIVE;
				GCC_WARN_UNUSED_FUNCTION = YES;
				GCC_WARN_UNUSED_VARIABLE = YES;
				IPHONEOS_DEPLOYMENT_TARGET = 13.4;
				MTL_ENABLE_DEBUG_INFO = NO;
				MTL_FAST_MATH = YES;
				SDKROOT = iphoneos;
				SWIFT_COMPILATION_MODE = wholemodule;
				SWIFT_OPTIMIZATION_LEVEL = "-O";
				VALIDATE_PRODUCT = YES;
			};
			name = Release;
		};
		91C5EE39243CA2CD00516C35 /* Debug */ = {
			isa = XCBuildConfiguration;
			buildSettings = {
				ASSETCATALOG_COMPILER_APPICON_NAME = AppIcon;
				CODE_SIGN_ENTITLEMENTS = CigPillsPlanner/CigPillsPlanner.entitlements;
				CODE_SIGN_STYLE = Automatic;
				DEVELOPMENT_TEAM = 583KZML67D;
				INFOPLIST_FILE = "$(SRCROOT)/CigPillsPlanner/SupportingFiles/Info.plist";
				IPHONEOS_DEPLOYMENT_TARGET = 13.0;
				LD_RUNPATH_SEARCH_PATHS = (
					"$(inherited)",
					"@executable_path/Frameworks",
				);
				PRODUCT_BUNDLE_IDENTIFIER = "pin2piva.Cig-n-Pills-Planner";
				PRODUCT_NAME = "$(TARGET_NAME)";
				SWIFT_VERSION = 5.0;
				TARGETED_DEVICE_FAMILY = 1;
			};
			name = Debug;
		};
		91C5EE3A243CA2CD00516C35 /* Release */ = {
			isa = XCBuildConfiguration;
			buildSettings = {
				ASSETCATALOG_COMPILER_APPICON_NAME = AppIcon;
				CODE_SIGN_ENTITLEMENTS = CigPillsPlanner/CigPillsPlanner.entitlements;
				CODE_SIGN_STYLE = Automatic;
				DEVELOPMENT_TEAM = 583KZML67D;
				INFOPLIST_FILE = "$(SRCROOT)/CigPillsPlanner/SupportingFiles/Info.plist";
				IPHONEOS_DEPLOYMENT_TARGET = 13.0;
				LD_RUNPATH_SEARCH_PATHS = (
					"$(inherited)",
					"@executable_path/Frameworks",
				);
				PRODUCT_BUNDLE_IDENTIFIER = "pin2piva.Cig-n-Pills-Planner";
				PRODUCT_NAME = "$(TARGET_NAME)";
				SWIFT_VERSION = 5.0;
				TARGETED_DEVICE_FAMILY = 1;
			};
			name = Release;
		};
/* End XCBuildConfiguration section */

/* Begin XCConfigurationList section */
		91C5EE1F243CA2CC00516C35 /* Build configuration list for PBXProject "CigPillsPlanner" */ = {
			isa = XCConfigurationList;
			buildConfigurations = (
				91C5EE36243CA2CD00516C35 /* Debug */,
				91C5EE37243CA2CD00516C35 /* Release */,
			);
			defaultConfigurationIsVisible = 0;
			defaultConfigurationName = Release;
		};
		91C5EE38243CA2CD00516C35 /* Build configuration list for PBXNativeTarget "CigPillsPlanner" */ = {
			isa = XCConfigurationList;
			buildConfigurations = (
				91C5EE39243CA2CD00516C35 /* Debug */,
				91C5EE3A243CA2CD00516C35 /* Release */,
			);
			defaultConfigurationIsVisible = 0;
			defaultConfigurationName = Release;
		};
/* End XCConfigurationList section */

/* Begin XCRemoteSwiftPackageReference section */
		91111AB42453056200E192B4 /* XCRemoteSwiftPackageReference "realm-cocoa" */ = {
			isa = XCRemoteSwiftPackageReference;
			repositoryURL = "https://github.com/realm/realm-cocoa";
			requirement = {
				kind = upToNextMajorVersion;
				minimumVersion = 4.4.1;
			};
		};
/* End XCRemoteSwiftPackageReference section */

/* Begin XCSwiftPackageProductDependency section */
		91111AB52453056200E192B4 /* RealmSwift */ = {
			isa = XCSwiftPackageProductDependency;
			package = 91111AB42453056200E192B4 /* XCRemoteSwiftPackageReference "realm-cocoa" */;
			productName = RealmSwift;
		};
		91111AB72453056200E192B4 /* Realm */ = {
			isa = XCSwiftPackageProductDependency;
			package = 91111AB42453056200E192B4 /* XCRemoteSwiftPackageReference "realm-cocoa" */;
			productName = Realm;
		};
/* End XCSwiftPackageProductDependency section */
	};
	rootObject = 91C5EE1C243CA2CB00516C35 /* Project object */;
}
